
Microsoft Visual Studio Solution File, Format Version 12.00
# Visual Studio Version 16
VisualStudioVersion = 16.0.31105.61
MinimumVisualStudioVersion = 10.0.40219.1
Project("{FAE04EC0-301F-11D3-BF4B-00C04F79EFBC}") = "semester planner", "semester planner\semester planner.csproj", "{EBFFFF0A-1682-4990-AD49-96381ABD46A5}"
EndProject
Global
	GlobalSection(SolutionConfigurationPlatforms) = preSolution
		Debug|Any CPU = Debug|Any CPU
		Release|Any CPU = Release|Any CPU
	EndGlobalSection
	GlobalSection(ProjectConfigurationPlatforms) = postSolution
		{EBFFFF0A-1682-4990-AD49-96381ABD46A5}.Debug|Any CPU.ActiveCfg = Debug|Any CPU
		{EBFFFF0A-1682-4990-AD49-96381ABD46A5}.Debug|Any CPU.Build.0 = Debug|Any CPU
		{EBFFFF0A-1682-4990-AD49-96381ABD46A5}.Release|Any CPU.ActiveCfg = Release|Any CPU
		{EBFFFF0A-1682-4990-AD49-96381ABD46A5}.Release|Any CPU.Build.0 = Release|Any CPU
	EndGlobalSection
	GlobalSection(SolutionProperties) = preSolution
		HideSolutionNode = FALSE
	EndGlobalSection
	GlobalSection(ExtensibilityGlobals) = postSolution
		SolutionGuid = {47AF5B0F-859D-4FCD-A56E-24A198281A59}
	EndGlobalSection
EndGlobal
